
Microsoft Visual Studio Solution File, Format Version 12.00
# Visual Studio Version 16
VisualStudioVersion = 16.0.30413.136
MinimumVisualStudioVersion = 10.0.40219.1
Project("{FAE04EC0-301F-11D3-BF4B-00C04F79EFBC}") = "Dataflow", "Dataflow\Dataflow.csproj", "{F80329A8-A08C-4B37-8AF4-E6AFD31465B2}"
EndProject
Project("{FAE04EC0-301F-11D3-BF4B-00C04F79EFBC}") = "TestApp", "TestApp\TestApp.csproj", "{FEA52CB9-1150-4D16-A20D-A3FCBDE79961}"
EndProject
Project("{FAE04EC0-301F-11D3-BF4B-00C04F79EFBC}") = "Akka", "Akka\Akka.csproj", "{FE6A5D7E-76E9-4E44-9280-805887B9EC10}"
EndProject
Global
	GlobalSection(SolutionConfigurationPlatforms) = preSolution
		Debug|Any CPU = Debug|Any CPU
		Release|Any CPU = Release|Any CPU
	EndGlobalSection
	GlobalSection(ProjectConfigurationPlatforms) = postSolution
		{F80329A8-A08C-4B37-8AF4-E6AFD31465B2}.Debug|Any CPU.ActiveCfg = Debug|Any CPU
		{F80329A8-A08C-4B37-8AF4-E6AFD31465B2}.Debug|Any CPU.Build.0 = Debug|Any CPU
		{F80329A8-A08C-4B37-8AF4-E6AFD31465B2}.Release|Any CPU.ActiveCfg = Release|Any CPU
		{F80329A8-A08C-4B37-8AF4-E6AFD31465B2}.Release|Any CPU.Build.0 = Release|Any CPU
		{FEA52CB9-1150-4D16-A20D-A3FCBDE79961}.Debug|Any CPU.ActiveCfg = Debug|Any CPU
		{FEA52CB9-1150-4D16-A20D-A3FCBDE79961}.Debug|Any CPU.Build.0 = Debug|Any CPU
		{FEA52CB9-1150-4D16-A20D-A3FCBDE79961}.Release|Any CPU.ActiveCfg = Release|Any CPU
		{FEA52CB9-1150-4D16-A20D-A3FCBDE79961}.Release|Any CPU.Build.0 = Release|Any CPU
		{FE6A5D7E-76E9-4E44-9280-805887B9EC10}.Debug|Any CPU.ActiveCfg = Debug|Any CPU
		{FE6A5D7E-76E9-4E44-9280-805887B9EC10}.Debug|Any CPU.Build.0 = Debug|Any CPU
		{FE6A5D7E-76E9-4E44-9280-805887B9EC10}.Release|Any CPU.ActiveCfg = Release|Any CPU
		{FE6A5D7E-76E9-4E44-9280-805887B9EC10}.Release|Any CPU.Build.0 = Release|Any CPU
	EndGlobalSection
	GlobalSection(SolutionProperties) = preSolution
		HideSolutionNode = FALSE
	EndGlobalSection
	GlobalSection(ExtensibilityGlobals) = postSolution
		SolutionGuid = {973E70A0-5798-48A9-A08F-419B6DDCF69D}
	EndGlobalSection
EndGlobal
